// !$*UTF8*$!
{
	archiveVersion = 1;
	classes = {
	};
	objectVersion = 46;
	objects = {

/* Begin PBXBuildFile section */
		236DCBF01D5C47FC00787092 /* AppDelegate.swift in Sources */ = {isa = PBXBuildFile; fileRef = 236DCBEF1D5C47FC00787092 /* AppDelegate.swift */; };
		236DCBF21D5C47FC00787092 /* GameScene.sks in Resources */ = {isa = PBXBuildFile; fileRef = 236DCBF11D5C47FC00787092 /* GameScene.sks */; };
		236DCBF41D5C47FC00787092 /* GameScene.swift in Sources */ = {isa = PBXBuildFile; fileRef = 236DCBF31D5C47FC00787092 /* GameScene.swift */; };
		236DCBF61D5C47FC00787092 /* GameViewController.swift in Sources */ = {isa = PBXBuildFile; fileRef = 236DCBF51D5C47FC00787092 /* GameViewController.swift */; };
		236DCBF91D5C47FC00787092 /* Main.storyboard in Resources */ = {isa = PBXBuildFile; fileRef = 236DCBF71D5C47FC00787092 /* Main.storyboard */; };
		236DCBFB1D5C47FC00787092 /* Assets.xcassets in Resources */ = {isa = PBXBuildFile; fileRef = 236DCBFA1D5C47FC00787092 /* Assets.xcassets */; };
		236DCBFE1D5C47FC00787092 /* LaunchScreen.storyboard in Resources */ = {isa = PBXBuildFile; fileRef = 236DCBFC1D5C47FC00787092 /* LaunchScreen.storyboard */; };
		236DCC091D5C47FC00787092 /* Geo_DashTests.swift in Sources */ = {isa = PBXBuildFile; fileRef = 236DCC081D5C47FC00787092 /* Geo_DashTests.swift */; };
		236DCC141D5C47FC00787092 /* Geo_DashUITests.swift in Sources */ = {isa = PBXBuildFile; fileRef = 236DCC131D5C47FC00787092 /* Geo_DashUITests.swift */; };
		236DCC221D5C4BF300787092 /* Obstacle1.sks in Resources */ = {isa = PBXBuildFile; fileRef = 236DCC211D5C4BF300787092 /* Obstacle1.sks */; };
		236DCC251D5C5B5D00787092 /* Explosion.sks in Resources */ = {isa = PBXBuildFile; fileRef = 236DCC231D5C5B5D00787092 /* Explosion.sks */; };
		236DCC261D5C5B5D00787092 /* spark.png in Resources */ = {isa = PBXBuildFile; fileRef = 236DCC241D5C5B5D00787092 /* spark.png */; };
		236DCC281D5C5C9200787092 /* BoxParticle.png in Resources */ = {isa = PBXBuildFile; fileRef = 236DCC271D5C5C9200787092 /* BoxParticle.png */; };
		236DCC2A1D5C5E6200787092 /* Explosion.wav in Resources */ = {isa = PBXBuildFile; fileRef = 236DCC291D5C5E6200787092 /* Explosion.wav */; };
		236DCC2F1D5C5F2D00787092 /* Obstacle2.sks in Resources */ = {isa = PBXBuildFile; fileRef = 236DCC2D1D5C5F2D00787092 /* Obstacle2.sks */; };
		236DCC301D5C5F2D00787092 /* Obstacle3.sks in Resources */ = {isa = PBXBuildFile; fileRef = 236DCC2E1D5C5F2D00787092 /* Obstacle3.sks */; };
		236DCC321D5C65B100787092 /* FlappyFont.TTF in Resources */ = {isa = PBXBuildFile; fileRef = 236DCC311D5C65B100787092 /* FlappyFont.TTF */; };
		236DCC341D5C68B800787092 /* HomeScreen.swift in Sources */ = {isa = PBXBuildFile; fileRef = 236DCC331D5C68B800787092 /* HomeScreen.swift */; };
/* End PBXBuildFile section */

/* Begin PBXContainerItemProxy section */
		236DCC051D5C47FC00787092 /* PBXContainerItemProxy */ = {
			isa = PBXContainerItemProxy;
			containerPortal = 236DCBE41D5C47FC00787092 /* Project object */;
			proxyType = 1;
			remoteGlobalIDString = 236DCBEB1D5C47FC00787092;
			remoteInfo = "Geo Dash";
		};
		236DCC101D5C47FC00787092 /* PBXContainerItemProxy */ = {
			isa = PBXContainerItemProxy;
			containerPortal = 236DCBE41D5C47FC00787092 /* Project object */;
			proxyType = 1;
			remoteGlobalIDString = 236DCBEB1D5C47FC00787092;
			remoteInfo = "Geo Dash";
		};
/* End PBXContainerItemProxy section */

/* Begin PBXFileReference section */
		236DCBEC1D5C47FC00787092 /* Geo Dash.app */ = {isa = PBXFileReference; explicitFileType = wrapper.application; includeInIndex = 0; path = "Geo Dash.app"; sourceTree = BUILT_PRODUCTS_DIR; };
		236DCBEF1D5C47FC00787092 /* AppDelegate.swift */ = {isa = PBXFileReference; lastKnownFileType = sourcecode.swift; path = AppDelegate.swift; sourceTree = "<group>"; };
		236DCBF11D5C47FC00787092 /* GameScene.sks */ = {isa = PBXFileReference; lastKnownFileType = file.sks; path = GameScene.sks; sourceTree = "<group>"; };
		236DCBF31D5C47FC00787092 /* GameScene.swift */ = {isa = PBXFileReference; lastKnownFileType = sourcecode.swift; path = GameScene.swift; sourceTree = "<group>"; };
		236DCBF51D5C47FC00787092 /* GameViewController.swift */ = {isa = PBXFileReference; lastKnownFileType = sourcecode.swift; path = GameViewController.swift; sourceTree = "<group>"; };
		236DCBF81D5C47FC00787092 /* Base */ = {isa = PBXFileReference; lastKnownFileType = file.storyboard; name = Base; path = Base.lproj/Main.storyboard; sourceTree = "<group>"; };
		236DCBFA1D5C47FC00787092 /* Assets.xcassets */ = {isa = PBXFileReference; lastKnownFileType = folder.assetcatalog; path = Assets.xcassets; sourceTree = "<group>"; };
		236DCBFD1D5C47FC00787092 /* Base */ = {isa = PBXFileReference; lastKnownFileType = file.storyboard; name = Base; path = Base.lproj/LaunchScreen.storyboard; sourceTree = "<group>"; };
		236DCBFF1D5C47FC00787092 /* Info.plist */ = {isa = PBXFileReference; lastKnownFileType = text.plist.xml; path = Info.plist; sourceTree = "<group>"; };
		236DCC041D5C47FC00787092 /* Geo DashTests.xctest */ = {isa = PBXFileReference; explicitFileType = wrapper.cfbundle; includeInIndex = 0; path = "Geo DashTests.xctest"; sourceTree = BUILT_PRODUCTS_DIR; };
		236DCC081D5C47FC00787092 /* Geo_DashTests.swift */ = {isa = PBXFileReference; lastKnownFileType = sourcecode.swift; path = Geo_DashTests.swift; sourceTree = "<group>"; };
		236DCC0A1D5C47FC00787092 /* Info.plist */ = {isa = PBXFileReference; lastKnownFileType = text.plist.xml; path = Info.plist; sourceTree = "<group>"; };
		236DCC0F1D5C47FC00787092 /* Geo DashUITests.xctest */ = {isa = PBXFileReference; explicitFileType = wrapper.cfbundle; includeInIndex = 0; path = "Geo DashUITests.xctest"; sourceTree = BUILT_PRODUCTS_DIR; };
		236DCC131D5C47FC00787092 /* Geo_DashUITests.swift */ = {isa = PBXFileReference; lastKnownFileType = sourcecode.swift; path = Geo_DashUITests.swift; sourceTree = "<group>"; };
		236DCC151D5C47FC00787092 /* Info.plist */ = {isa = PBXFileReference; lastKnownFileType = text.plist.xml; path = Info.plist; sourceTree = "<group>"; };
		236DCC211D5C4BF300787092 /* Obstacle1.sks */ = {isa = PBXFileReference; lastKnownFileType = file.sks; path = Obstacle1.sks; sourceTree = "<group>"; };
		236DCC231D5C5B5D00787092 /* Explosion.sks */ = {isa = PBXFileReference; lastKnownFileType = file.sks; path = Explosion.sks; sourceTree = "<group>"; };
		236DCC241D5C5B5D00787092 /* spark.png */ = {isa = PBXFileReference; lastKnownFileType = image.png; path = spark.png; sourceTree = "<group>"; };
		236DCC271D5C5C9200787092 /* BoxParticle.png */ = {isa = PBXFileReference; lastKnownFileType = image.png; path = BoxParticle.png; sourceTree = "<group>"; };
		236DCC291D5C5E6200787092 /* Explosion.wav */ = {isa = PBXFileReference; lastKnownFileType = audio.wav; path = Explosion.wav; sourceTree = "<group>"; };
		236DCC2D1D5C5F2D00787092 /* Obstacle2.sks */ = {isa = PBXFileReference; lastKnownFileType = file.sks; path = Obstacle2.sks; sourceTree = "<group>"; };
		236DCC2E1D5C5F2D00787092 /* Obstacle3.sks */ = {isa = PBXFileReference; lastKnownFileType = file.sks; path = Obstacle3.sks; sourceTree = "<group>"; };
		236DCC311D5C65B100787092 /* FlappyFont.TTF */ = {isa = PBXFileReference; lastKnownFileType = file; path = FlappyFont.TTF; sourceTree = "<group>"; };
		236DCC331D5C68B800787092 /* HomeScreen.swift */ = {isa = PBXFileReference; fileEncoding = 4; lastKnownFileType = sourcecode.swift; path = HomeScreen.swift; sourceTree = "<group>"; };
/* End PBXFileReference section */

/* Begin PBXFrameworksBuildPhase section */
		236DCBE91D5C47FC00787092 /* Frameworks */ = {
			isa = PBXFrameworksBuildPhase;
			buildActionMask = 2147483647;
			files = (
			);
			runOnlyForDeploymentPostprocessing = 0;
		};
		236DCC011D5C47FC00787092 /* Frameworks */ = {
			isa = PBXFrameworksBuildPhase;
			buildActionMask = 2147483647;
			files = (
			);
			runOnlyForDeploymentPostprocessing = 0;
		};
		236DCC0C1D5C47FC00787092 /* Frameworks */ = {
			isa = PBXFrameworksBuildPhase;
			buildActionMask = 2147483647;
			files = (
			);
			runOnlyForDeploymentPostprocessing = 0;
		};
/* End PBXFrameworksBuildPhase section */

/* Begin PBXGroup section */
		236DCBE31D5C47FC00787092 = {
			isa = PBXGroup;
			children = (
				236DCBEE1D5C47FC00787092 /* Geo Dash */,
				236DCC071D5C47FC00787092 /* Geo DashTests */,
				236DCC121D5C47FC00787092 /* Geo DashUITests */,
				236DCBED1D5C47FC00787092 /* Products */,
			);
			sourceTree = "<group>";
		};
		236DCBED1D5C47FC00787092 /* Products */ = {
			isa = PBXGroup;
			children = (
				236DCBEC1D5C47FC00787092 /* Geo Dash.app */,
				236DCC041D5C47FC00787092 /* Geo DashTests.xctest */,
				236DCC0F1D5C47FC00787092 /* Geo DashUITests.xctest */,
			);
			name = Products;
			sourceTree = "<group>";
		};
		236DCBEE1D5C47FC00787092 /* Geo Dash */ = {
			isa = PBXGroup;
			children = (
				236DCBEF1D5C47FC00787092 /* AppDelegate.swift */,
				236DCBF11D5C47FC00787092 /* GameScene.sks */,
				236DCC211D5C4BF300787092 /* Obstacle1.sks */,
				236DCC2D1D5C5F2D00787092 /* Obstacle2.sks */,
				236DCC2E1D5C5F2D00787092 /* Obstacle3.sks */,
				236DCBF31D5C47FC00787092 /* GameScene.swift */,
				236DCC231D5C5B5D00787092 /* Explosion.sks */,
				236DCC241D5C5B5D00787092 /* spark.png */,
				236DCC271D5C5C9200787092 /* BoxParticle.png */,
				236DCC291D5C5E6200787092 /* Explosion.wav */,
				236DCBF51D5C47FC00787092 /* GameViewController.swift */,
				236DCBF71D5C47FC00787092 /* Main.storyboard */,
				236DCC331D5C68B800787092 /* HomeScreen.swift */,
				236DCC311D5C65B100787092 /* FlappyFont.TTF */,
				236DCBFA1D5C47FC00787092 /* Assets.xcassets */,
				236DCBFC1D5C47FC00787092 /* LaunchScreen.storyboard */,
				236DCBFF1D5C47FC00787092 /* Info.plist */,
			);
			path = "Geo Dash";
			sourceTree = "<group>";
		};
		236DCC071D5C47FC00787092 /* Geo DashTests */ = {
			isa = PBXGroup;
			children = (
				236DCC081D5C47FC00787092 /* Geo_DashTests.swift */,
				236DCC0A1D5C47FC00787092 /* Info.plist */,
			);
			path = "Geo DashTests";
			sourceTree = "<group>";
		};
		236DCC121D5C47FC00787092 /* Geo DashUITests */ = {
			isa = PBXGroup;
			children = (
				236DCC131D5C47FC00787092 /* Geo_DashUITests.swift */,
				236DCC151D5C47FC00787092 /* Info.plist */,
			);
			path = "Geo DashUITests";
			sourceTree = "<group>";
		};
/* End PBXGroup section */

/* Begin PBXNativeTarget section */
		236DCBEB1D5C47FC00787092 /* Geo Dash */ = {
			isa = PBXNativeTarget;
			buildConfigurationList = 236DCC181D5C47FC00787092 /* Build configuration list for PBXNativeTarget "Geo Dash" */;
			buildPhases = (
				236DCBE81D5C47FC00787092 /* Sources */,
				236DCBE91D5C47FC00787092 /* Frameworks */,
				236DCBEA1D5C47FC00787092 /* Resources */,
			);
			buildRules = (
			);
			dependencies = (
			);
			name = "Geo Dash";
			productName = "Geo Dash";
			productReference = 236DCBEC1D5C47FC00787092 /* Geo Dash.app */;
			productType = "com.apple.product-type.application";
		};
		236DCC031D5C47FC00787092 /* Geo DashTests */ = {
			isa = PBXNativeTarget;
			buildConfigurationList = 236DCC1B1D5C47FC00787092 /* Build configuration list for PBXNativeTarget "Geo DashTests" */;
			buildPhases = (
				236DCC001D5C47FC00787092 /* Sources */,
				236DCC011D5C47FC00787092 /* Frameworks */,
				236DCC021D5C47FC00787092 /* Resources */,
			);
			buildRules = (
			);
			dependencies = (
				236DCC061D5C47FC00787092 /* PBXTargetDependency */,
			);
			name = "Geo DashTests";
			productName = "Geo DashTests";
			productReference = 236DCC041D5C47FC00787092 /* Geo DashTests.xctest */;
			productType = "com.apple.product-type.bundle.unit-test";
		};
		236DCC0E1D5C47FC00787092 /* Geo DashUITests */ = {
			isa = PBXNativeTarget;
			buildConfigurationList = 236DCC1E1D5C47FC00787092 /* Build configuration list for PBXNativeTarget "Geo DashUITests" */;
			buildPhases = (
				236DCC0B1D5C47FC00787092 /* Sources */,
				236DCC0C1D5C47FC00787092 /* Frameworks */,
				236DCC0D1D5C47FC00787092 /* Resources */,
			);
			buildRules = (
			);
			dependencies = (
				236DCC111D5C47FC00787092 /* PBXTargetDependency */,
			);
			name = "Geo DashUITests";
			productName = "Geo DashUITests";
			productReference = 236DCC0F1D5C47FC00787092 /* Geo DashUITests.xctest */;
			productType = "com.apple.product-type.bundle.ui-testing";
		};
/* End PBXNativeTarget section */

/* Begin PBXProject section */
		236DCBE41D5C47FC00787092 /* Project object */ = {
			isa = PBXProject;
			attributes = {
				LastSwiftUpdateCheck = 0730;
				LastUpgradeCheck = 0730;
				ORGANIZATIONNAME = "Dongyu Zhai";
				TargetAttributes = {
					236DCBEB1D5C47FC00787092 = {
						CreatedOnToolsVersion = 7.3.1;
					};
					236DCC031D5C47FC00787092 = {
						CreatedOnToolsVersion = 7.3.1;
						TestTargetID = 236DCBEB1D5C47FC00787092;
					};
					236DCC0E1D5C47FC00787092 = {
						CreatedOnToolsVersion = 7.3.1;
						TestTargetID = 236DCBEB1D5C47FC00787092;
					};
				};
			};
			buildConfigurationList = 236DCBE71D5C47FC00787092 /* Build configuration list for PBXProject "Geo Dash" */;
			compatibilityVersion = "Xcode 3.2";
			developmentRegion = English;
			hasScannedForEncodings = 0;
			knownRegions = (
				en,
				Base,
			);
			mainGroup = 236DCBE31D5C47FC00787092;
			productRefGroup = 236DCBED1D5C47FC00787092 /* Products */;
			projectDirPath = "";
			projectRoot = "";
			targets = (
				236DCBEB1D5C47FC00787092 /* Geo Dash */,
				236DCC031D5C47FC00787092 /* Geo DashTests */,
				236DCC0E1D5C47FC00787092 /* Geo DashUITests */,
			);
		};
/* End PBXProject section */

/* Begin PBXResourcesBuildPhase section */
		236DCBEA1D5C47FC00787092 /* Resources */ = {
			isa = PBXResourcesBuildPhase;
			buildActionMask = 2147483647;
			files = (
				236DCBF21D5C47FC00787092 /* GameScene.sks in Resources */,
				236DCC321D5C65B100787092 /* FlappyFont.TTF in Resources */,
				236DCC2F1D5C5F2D00787092 /* Obstacle2.sks in Resources */,
				236DCBFE1D5C47FC00787092 /* LaunchScreen.storyboard in Resources */,
				236DCBFB1D5C47FC00787092 /* Assets.xcassets in Resources */,
				236DCC261D5C5B5D00787092 /* spark.png in Resources */,
				236DCC221D5C4BF300787092 /* Obstacle1.sks in Resources */,
				236DCC301D5C5F2D00787092 /* Obstacle3.sks in Resources */,
				236DCC2A1D5C5E6200787092 /* Explosion.wav in Resources */,
				236DCBF91D5C47FC00787092 /* Main.storyboard in Resources */,
				236DCC251D5C5B5D00787092 /* Explosion.sks in Resources */,
				236DCC281D5C5C9200787092 /* BoxParticle.png in Resources */,
			);
			runOnlyForDeploymentPostprocessing = 0;
		};
		236DCC021D5C47FC00787092 /* Resources */ = {
			isa = PBXResourcesBuildPhase;
			buildActionMask = 2147483647;
			files = (
			);
			runOnlyForDeploymentPostprocessing = 0;
		};
		236DCC0D1D5C47FC00787092 /* Resources */ = {
			isa = PBXResourcesBuildPhase;
			buildActionMask = 2147483647;
			files = (
			);
			runOnlyForDeploymentPostprocessing = 0;
		};
/* End PBXResourcesBuildPhase section */

/* Begin PBXSourcesBuildPhase section */
		236DCBE81D5C47FC00787092 /* Sources */ = {
			isa = PBXSourcesBuildPhase;
			buildActionMask = 2147483647;
			files = (
				236DCC341D5C68B800787092 /* HomeScreen.swift in Sources */,
				236DCBF41D5C47FC00787092 /* GameScene.swift in Sources */,
				236DCBF61D5C47FC00787092 /* GameViewController.swift in Sources */,
				236DCBF01D5C47FC00787092 /* AppDelegate.swift in Sources */,
			);
			runOnlyForDeploymentPostprocessing = 0;
		};
		236DCC001D5C47FC00787092 /* Sources */ = {
			isa = PBXSourcesBuildPhase;
			buildActionMask = 2147483647;
			files = (
				236DCC091D5C47FC00787092 /* Geo_DashTests.swift in Sources */,
			);
			runOnlyForDeploymentPostprocessing = 0;
		};
		236DCC0B1D5C47FC00787092 /* Sources */ = {
			isa = PBXSourcesBuildPhase;
			buildActionMask = 2147483647;
			files = (
				236DCC141D5C47FC00787092 /* Geo_DashUITests.swift in Sources */,
			);
			runOnlyForDeploymentPostprocessing = 0;
		};
/* End PBXSourcesBuildPhase section */

/* Begin PBXTargetDependency section */
		236DCC061D5C47FC00787092 /* PBXTargetDependency */ = {
			isa = PBXTargetDependency;
			target = 236DCBEB1D5C47FC00787092 /* Geo Dash */;
			targetProxy = 236DCC051D5C47FC00787092 /* PBXContainerItemProxy */;
		};
		236DCC111D5C47FC00787092 /* PBXTargetDependency */ = {
			isa = PBXTargetDependency;
			target = 236DCBEB1D5C47FC00787092 /* Geo Dash */;
			targetProxy = 236DCC101D5C47FC00787092 /* PBXContainerItemProxy */;
		};
/* End PBXTargetDependency section */

/* Begin PBXVariantGroup section */
		236DCBF71D5C47FC00787092 /* Main.storyboard */ = {
			isa = PBXVariantGroup;
			children = (
				236DCBF81D5C47FC00787092 /* Base */,
			);
			name = Main.storyboard;
			sourceTree = "<group>";
		};
		236DCBFC1D5C47FC00787092 /* LaunchScreen.storyboard */ = {
			isa = PBXVariantGroup;
			children = (
				236DCBFD1D5C47FC00787092 /* Base */,
			);
			name = LaunchScreen.storyboard;
			sourceTree = "<group>";
		};
/* End PBXVariantGroup section */

/* Begin XCBuildConfiguration section */
		236DCC161D5C47FC00787092 /* Debug */ = {
			isa = XCBuildConfiguration;
			buildSettings = {
				ALWAYS_SEARCH_USER_PATHS = NO;
				CLANG_ANALYZER_NONNULL = YES;
				CLANG_CXX_LANGUAGE_STANDARD = "gnu++0x";
				CLANG_CXX_LIBRARY = "libc++";
				CLANG_ENABLE_MODULES = YES;
				CLANG_ENABLE_OBJC_ARC = YES;
				CLANG_WARN_BOOL_CONVERSION = YES;
				CLANG_WARN_CONSTANT_CONVERSION = YES;
				CLANG_WARN_DIRECT_OBJC_ISA_USAGE = YES_ERROR;
				CLANG_WARN_EMPTY_BODY = YES;
				CLANG_WARN_ENUM_CONVERSION = YES;
				CLANG_WARN_INT_CONVERSION = YES;
				CLANG_WARN_OBJC_ROOT_CLASS = YES_ERROR;
				CLANG_WARN_UNREACHABLE_CODE = YES;
				CLANG_WARN__DUPLICATE_METHOD_MATCH = YES;
				"CODE_SIGN_IDENTITY[sdk=iphoneos*]" = "iPhone Developer";
				COPY_PHASE_STRIP = NO;
				DEBUG_INFORMATION_FORMAT = "dwarf-with-dsym";
				ENABLE_STRICT_OBJC_MSGSEND = YES;
				ENABLE_TESTABILITY = YES;
				GCC_C_LANGUAGE_STANDARD = gnu99;
				GCC_DYNAMIC_NO_PIC = NO;
				GCC_NO_COMMON_BLOCKS = YES;
				GCC_OPTIMIZATION_LEVEL = 0;
				GCC_PREPROCESSOR_DEFINITIONS = (
					"DEBUG=1",
					"$(inherited)",
				);
				GCC_WARN_64_TO_32_BIT_CONVERSION = YES;
				GCC_WARN_ABOUT_RETURN_TYPE = YES_ERROR;
				GCC_WARN_UNDECLARED_SELECTOR = YES;
				GCC_WARN_UNINITIALIZED_AUTOS = YES_AGGRESSIVE;
				GCC_WARN_UNUSED_FUNCTION = YES;
				GCC_WARN_UNUSED_VARIABLE = YES;
				IPHONEOS_DEPLOYMENT_TARGET = 9.3;
				MTL_ENABLE_DEBUG_INFO = YES;
				ONLY_ACTIVE_ARCH = YES;
				SDKROOT = iphoneos;
				SWIFT_OPTIMIZATION_LEVEL = "-Onone";
				TARGETED_DEVICE_FAMILY = "1,2";
			};
			name = Debug;
		};
		236DCC171D5C47FC00787092 /* Release */ = {
			isa = XCBuildConfiguration;
			buildSettings = {
				ALWAYS_SEARCH_USER_PATHS = NO;
				CLANG_ANALYZER_NONNULL = YES;
				CLANG_CXX_LANGUAGE_STANDARD = "gnu++0x";
				CLANG_CXX_LIBRARY = "libc++";
				CLANG_ENABLE_MODULES = YES;
				CLANG_ENABLE_OBJC_ARC = YES;
				CLANG_WARN_BOOL_CONVERSION = YES;
				CLANG_WARN_CONSTANT_CONVERSION = YES;
				CLANG_WARN_DIRECT_OBJC_ISA_USAGE = YES_ERROR;
				CLANG_WARN_EMPTY_BODY = YES;
				CLANG_WARN_ENUM_CONVERSION = YES;
				CLANG_WARN_INT_CONVERSION = YES;
				CLANG_WARN_OBJC_ROOT_CLASS = YES_ERROR;
				CLANG_WARN_UNREACHABLE_CODE = YES;
				CLANG_WARN__DUPLICATE_METHOD_MATCH = YES;
				"CODE_SIGN_IDENTITY[sdk=iphoneos*]" = "iPhone Developer";
				COPY_PHASE_STRIP = NO;
				DEBUG_INFORMATION_FORMAT = "dwarf-with-dsym";
				ENABLE_NS_ASSERTIONS = NO;
				ENABLE_STRICT_OBJC_MSGSEND = YES;
				GCC_C_LANGUAGE_STANDARD = gnu99;
				GCC_NO_COMMON_BLOCKS = YES;
				GCC_WARN_64_TO_32_BIT_CONVERSION = YES;
				GCC_WARN_ABOUT_RETURN_TYPE = YES_ERROR;
				GCC_WARN_UNDECLARED_SELECTOR = YES;
				GCC_WARN_UNINITIALIZED_AUTOS = YES_AGGRESSIVE;
				GCC_WARN_UNUSED_FUNCTION = YES;
				GCC_WARN_UNUSED_VARIABLE = YES;
				IPHONEOS_DEPLOYMENT_TARGET = 9.3;
				MTL_ENABLE_DEBUG_INFO = NO;
				SDKROOT = iphoneos;
				TARGETED_DEVICE_FAMILY = "1,2";
				VALIDATE_PRODUCT = YES;
			};
			name = Release;
		};
		236DCC191D5C47FC00787092 /* Debug */ = {
			isa = XCBuildConfiguration;
			buildSettings = {
				ASSETCATALOG_COMPILER_APPICON_NAME = AppIcon;
				INFOPLIST_FILE = "Geo Dash/Info.plist";
				LD_RUNPATH_SEARCH_PATHS = "$(inherited) @executable_path/Frameworks";
				PRODUCT_BUNDLE_IDENTIFIER = "com.naffaell.Geo-Dash";
				PRODUCT_NAME = "$(TARGET_NAME)";
			};
			name = Debug;
		};
		236DCC1A1D5C47FC00787092 /* Release */ = {
			isa = XCBuildConfiguration;
			buildSettings = {
				ASSETCATALOG_COMPILER_APPICON_NAME = AppIcon;
				INFOPLIST_FILE = "Geo Dash/Info.plist";
				LD_RUNPATH_SEARCH_PATHS = "$(inherited) @executable_path/Frameworks";
				PRODUCT_BUNDLE_IDENTIFIER = "com.naffaell.Geo-Dash";
				PRODUCT_NAME = "$(TARGET_NAME)";
			};
			name = Release;
		};
		236DCC1C1D5C47FC00787092 /* Debug */ = {
			isa = XCBuildConfiguration;
			buildSettings = {
				BUNDLE_LOADER = "$(TEST_HOST)";
				DEBUG_INFORMATION_FORMAT = dwarf;
				INFOPLIST_FILE = "Geo DashTests/Info.plist";
				LD_RUNPATH_SEARCH_PATHS = "$(inherited) @executable_path/Frameworks @loader_path/Frameworks";
				PRODUCT_BUNDLE_IDENTIFIER = "com.naffaell.Geo-DashTests";
				PRODUCT_NAME = "$(TARGET_NAME)";
				TEST_HOST = "$(BUILT_PRODUCTS_DIR)/Geo Dash.app/Geo Dash";
			};
			name = Debug;
		};
		236DCC1D1D5C47FC00787092 /* Release */ = {
			isa = XCBuildConfiguration;
			buildSettings = {
				BUNDLE_LOADER = "$(TEST_HOST)";
				INFOPLIST_FILE = "Geo DashTests/Info.plist";
				LD_RUNPATH_SEARCH_PATHS = "$(inherited) @executable_path/Frameworks @loader_path/Frameworks";
				PRODUCT_BUNDLE_IDENTIFIER = "com.naffaell.Geo-DashTests";
				PRODUCT_NAME = "$(TARGET_NAME)";
				TEST_HOST = "$(BUILT_PRODUCTS_DIR)/Geo Dash.app/Geo Dash";
			};
			name = Release;
		};
		236DCC1F1D5C47FC00787092 /* Debug */ = {
			isa = XCBuildConfiguration;
			buildSettings = {
				DEBUG_INFORMATION_FORMAT = dwarf;
				INFOPLIST_FILE = "Geo DashUITests/Info.plist";
				LD_RUNPATH_SEARCH_PATHS = "$(inherited) @executable_path/Frameworks @loader_path/Frameworks";
				PRODUCT_BUNDLE_IDENTIFIER = "com.naffaell.Geo-DashUITests";
				PRODUCT_NAME = "$(TARGET_NAME)";
				TEST_TARGET_NAME = "Geo Dash";
			};
			name = Debug;
		};
		236DCC201D5C47FC00787092 /* Release */ = {
			isa = XCBuildConfiguration;
			buildSettings = {
				INFOPLIST_FILE = "Geo DashUITests/Info.plist";
				LD_RUNPATH_SEARCH_PATHS = "$(inherited) @executable_path/Frameworks @loader_path/Frameworks";
				PRODUCT_BUNDLE_IDENTIFIER = "com.naffaell.Geo-DashUITests";
				PRODUCT_NAME = "$(TARGET_NAME)";
				TEST_TARGET_NAME = "Geo Dash";
			};
			name = Release;
		};
/* End XCBuildConfiguration section */

/* Begin XCConfigurationList section */
		236DCBE71D5C47FC00787092 /* Build configuration list for PBXProject "Geo Dash" */ = {
			isa = XCConfigurationList;
			buildConfigurations = (
				236DCC161D5C47FC00787092 /* Debug */,
				236DCC171D5C47FC00787092 /* Release */,
			);
			defaultConfigurationIsVisible = 0;
			defaultConfigurationName = Release;
		};
		236DCC181D5C47FC00787092 /* Build configuration list for PBXNativeTarget "Geo Dash" */ = {
			isa = XCConfigurationList;
			buildConfigurations = (
				236DCC191D5C47FC00787092 /* Debug */,
				236DCC1A1D5C47FC00787092 /* Release */,
			);
			defaultConfigurationIsVisible = 0;
		};
		236DCC1B1D5C47FC00787092 /* Build configuration list for PBXNativeTarget "Geo DashTests" */ = {
			isa = XCConfigurationList;
			buildConfigurations = (
				236DCC1C1D5C47FC00787092 /* Debug */,
				236DCC1D1D5C47FC00787092 /* Release */,
			);
			defaultConfigurationIsVisible = 0;
		};
		236DCC1E1D5C47FC00787092 /* Build configuration list for PBXNativeTarget "Geo DashUITests" */ = {
			isa = XCConfigurationList;
			buildConfigurations = (
				236DCC1F1D5C47FC00787092 /* Debug */,
				236DCC201D5C47FC00787092 /* Release */,
			);
			defaultConfigurationIsVisible = 0;
		};
/* End XCConfigurationList section */
	};
	rootObject = 236DCBE41D5C47FC00787092 /* Project object */;
}
